# generated by rye
# use `rye lock` or `rye sync` to update this lockfile
#
# last locked with the following flags:
#   pre: false
#   features: []
#   all-features: false
#   with-sources: false

-e file:.
blinker==1.8.2
    # via flask
click==8.1.7
    # via flask
flask==3.0.3
    # via bo-as-assistant-for-vf
    # via flask-cors
flask-cors==4.0.1
    # via bo-as-assistant-for-vf
itsdangerous==2.2.0
    # via flask
jinja2==3.1.4
    # via flask
markupsafe==2.1.5
    # via jinja2
    # via werkzeug
numpy==1.26.4
    # via pysequentiallinesearch
pysequentiallinesearch @ git+https://github.com/yuki-koyama/sequential-line-search.git@80fb73694b57c65d5e93b22a93e4d4e2909af3ab
    # via bo-as-assistant-for-vf
werkzeug==3.0.3
    # via flask
